
Microsoft Visual Studio Solution File, Format Version 12.00
# Visual Studio Version 17
VisualStudioVersion = 17.8.34330.188
MinimumVisualStudioVersion = 10.0.40219.1
Project("{C9674DCB-5085-4A16-B785-4C70DD1589BD}") = "lab2", "lab2.dtproj", "{ADF73AEE-4EE3-4355-987C-BF36C8A9A0AC}"
EndProject
Global
	GlobalSection(SolutionConfigurationPlatforms) = preSolution
		Development|Default = Development|Default
	EndGlobalSection
	GlobalSection(ProjectConfigurationPlatforms) = postSolution
		{ADF73AEE-4EE3-4355-987C-BF36C8A9A0AC}.Development|Default.ActiveCfg = Development
		{ADF73AEE-4EE3-4355-987C-BF36C8A9A0AC}.Development|Default.Build.0 = Development
	EndGlobalSection
	GlobalSection(SolutionProperties) = preSolution
		HideSolutionNode = FALSE
	EndGlobalSection
	GlobalSection(ExtensibilityGlobals) = postSolution
		SolutionGuid = {B567A2F9-3679-450F-A1EC-D42262CA1A3E}
	EndGlobalSection
EndGlobal
